
Microsoft Visual Studio Solution File, Format Version 12.00
# Visual Studio Version 17
VisualStudioVersion = 17.6.33829.357
MinimumVisualStudioVersion = 10.0.40219.1
Project("{FAE04EC0-301F-11D3-BF4B-00C04F79EFBC}") = "35-1_Angoldt_neuronumbers", "35-1_Angoldt_neuronumbers\35-1_Angoldt_neuronumbers.csproj", "{4AF92B75-0FEB-4457-A9EF-2B8A9416D4B8}"
EndProject
Global
	GlobalSection(SolutionConfigurationPlatforms) = preSolution
		Debug|Any CPU = Debug|Any CPU
		Release|Any CPU = Release|Any CPU
	EndGlobalSection
	GlobalSection(ProjectConfigurationPlatforms) = postSolution
		{4AF92B75-0FEB-4457-A9EF-2B8A9416D4B8}.Debug|Any CPU.ActiveCfg = Debug|Any CPU
		{4AF92B75-0FEB-4457-A9EF-2B8A9416D4B8}.Debug|Any CPU.Build.0 = Debug|Any CPU
		{4AF92B75-0FEB-4457-A9EF-2B8A9416D4B8}.Release|Any CPU.ActiveCfg = Release|Any CPU
		{4AF92B75-0FEB-4457-A9EF-2B8A9416D4B8}.Release|Any CPU.Build.0 = Release|Any CPU
	EndGlobalSection
	GlobalSection(SolutionProperties) = preSolution
		HideSolutionNode = FALSE
	EndGlobalSection
	GlobalSection(ExtensibilityGlobals) = postSolution
		SolutionGuid = {8EC79B87-0AEE-4A0D-B46F-FA700115F274}
	EndGlobalSection
EndGlobal
